
Microsoft Visual Studio Solution File, Format Version 12.00
# Visual Studio Version 17
VisualStudioVersion = 17.5.33627.172
MinimumVisualStudioVersion = 10.0.40219.1
Project("{FAE04EC0-301F-11D3-BF4B-00C04F79EFBC}") = "TcpClientAndServerExample", "TcpClientAndServerExample\TcpClientAndServerExample.csproj", "{25091489-AC1C-428F-8949-1D010C3C7BD0}"
EndProject
Global
	GlobalSection(SolutionConfigurationPlatforms) = preSolution
		Debug|Any CPU = Debug|Any CPU
		Release|Any CPU = Release|Any CPU
	EndGlobalSection
	GlobalSection(ProjectConfigurationPlatforms) = postSolution
		{25091489-AC1C-428F-8949-1D010C3C7BD0}.Debug|Any CPU.ActiveCfg = Debug|Any CPU
		{25091489-AC1C-428F-8949-1D010C3C7BD0}.Debug|Any CPU.Build.0 = Debug|Any CPU
		{25091489-AC1C-428F-8949-1D010C3C7BD0}.Release|Any CPU.ActiveCfg = Release|Any CPU
		{25091489-AC1C-428F-8949-1D010C3C7BD0}.Release|Any CPU.Build.0 = Release|Any CPU
	EndGlobalSection
	GlobalSection(SolutionProperties) = preSolution
		HideSolutionNode = FALSE
	EndGlobalSection
	GlobalSection(ExtensibilityGlobals) = postSolution
		SolutionGuid = {2DD87F97-60E2-48DA-8F86-17AB91919F07}
	EndGlobalSection
EndGlobal
